
Microsoft Visual Studio Solution File, Format Version 12.00
# Visual Studio Version 17
VisualStudioVersion = 17.3.32804.467
MinimumVisualStudioVersion = 10.0.40219.1
Project("{9A19103F-16F7-4668-BE54-9A1E7A4F7556}") = "GrpcServer", "GrpcServer\GrpcServer.csproj", "{904E8A70-A7D9-44E1-93D1-92F4A632C119}"
EndProject
Project("{9A19103F-16F7-4668-BE54-9A1E7A4F7556}") = "Client", "Client\Client.csproj", "{E8C322F9-9BA2-46E5-B3E6-044F0E5AECF7}"
EndProject
Global
	GlobalSection(SolutionConfigurationPlatforms) = preSolution
		Debug|Any CPU = Debug|Any CPU
		Release|Any CPU = Release|Any CPU
	EndGlobalSection
	GlobalSection(ProjectConfigurationPlatforms) = postSolution
		{904E8A70-A7D9-44E1-93D1-92F4A632C119}.Debug|Any CPU.ActiveCfg = Debug|Any CPU
		{904E8A70-A7D9-44E1-93D1-92F4A632C119}.Debug|Any CPU.Build.0 = Debug|Any CPU
		{904E8A70-A7D9-44E1-93D1-92F4A632C119}.Release|Any CPU.ActiveCfg = Release|Any CPU
		{904E8A70-A7D9-44E1-93D1-92F4A632C119}.Release|Any CPU.Build.0 = Release|Any CPU
		{E8C322F9-9BA2-46E5-B3E6-044F0E5AECF7}.Debug|Any CPU.ActiveCfg = Debug|Any CPU
		{E8C322F9-9BA2-46E5-B3E6-044F0E5AECF7}.Debug|Any CPU.Build.0 = Debug|Any CPU
		{E8C322F9-9BA2-46E5-B3E6-044F0E5AECF7}.Release|Any CPU.ActiveCfg = Release|Any CPU
		{E8C322F9-9BA2-46E5-B3E6-044F0E5AECF7}.Release|Any CPU.Build.0 = Release|Any CPU
	EndGlobalSection
	GlobalSection(SolutionProperties) = preSolution
		HideSolutionNode = FALSE
	EndGlobalSection
	GlobalSection(ExtensibilityGlobals) = postSolution
		SolutionGuid = {DEB4FBE0-0040-48A6-8C8F-B451733D2248}
	EndGlobalSection
EndGlobal
